{
  "name": "hackathon",
  "version": "1.0.0",
  "lockfileVersion": 3,
  "requires": true,
  "packages": {
    "": {
      "name": "hackathon",
      "version": "1.0.0",
      "license": "ISC",
      "dependencies": {
        "graphjs": "^0.0.4"
      }
    },
    "node_modules/graphjs": {
      "version": "0.0.4",
      "resolved": "https://registry.npmjs.org/graphjs/-/graphjs-0.0.4.tgz",
      "integrity": "sha512-OJuwPlL1phNB/mnikbyzl6OWXTVLm4ohhO4SsZX+ZXk2jhOXw+CuomnvHp2yHqfYLLBFO+UuWXrnc2UThu8ZTw=="
    }
  }
}
